
Microsoft Visual Studio Solution File, Format Version 12.00
# Visual Studio Version 16
VisualStudioVersion = 16.0.30406.217
MinimumVisualStudioVersion = 10.0.40219.1
Project("{8BC9CEB8-8B4A-11D0-8D11-00A0C91BC942}") = "EncoderH264", "EncoderH264\EncoderH264.vcxproj", "{C51CCBAC-C385-486D-BB4A-E74201D5AA43}"
EndProject
Project("{9A19103F-16F7-4668-BE54-9A1E7A4F7556}") = "EncoderH264_test", "EncoderH264_test\EncoderH264_test.csproj", "{A61928F7-7019-4055-AA97-C974C1D7F712}"
	ProjectSection(ProjectDependencies) = postProject
		{C51CCBAC-C385-486D-BB4A-E74201D5AA43} = {C51CCBAC-C385-486D-BB4A-E74201D5AA43}
	EndProjectSection
EndProject
Project("{2150E333-8FDC-42A3-9474-1A3956D46DE8}") = "Solution Items", "Solution Items", "{34C5822A-22EC-41DF-8F61-414B32A39036}"
	ProjectSection(SolutionItems) = preProject
		.gitignore = .gitignore
		README.md = README.md
	EndProjectSection
EndProject
Global
	GlobalSection(SolutionConfigurationPlatforms) = preSolution
		Debug|Any CPU = Debug|Any CPU
		Debug|x64 = Debug|x64
		Debug|x86 = Debug|x86
		Release|Any CPU = Release|Any CPU
		Release|x64 = Release|x64
		Release|x86 = Release|x86
	EndGlobalSection
	GlobalSection(ProjectConfigurationPlatforms) = postSolution
		{C51CCBAC-C385-486D-BB4A-E74201D5AA43}.Debug|Any CPU.ActiveCfg = Debug|Win32
		{C51CCBAC-C385-486D-BB4A-E74201D5AA43}.Debug|x64.ActiveCfg = Debug|x64
		{C51CCBAC-C385-486D-BB4A-E74201D5AA43}.Debug|x64.Build.0 = Debug|x64
		{C51CCBAC-C385-486D-BB4A-E74201D5AA43}.Debug|x86.ActiveCfg = Debug|Win32
		{C51CCBAC-C385-486D-BB4A-E74201D5AA43}.Debug|x86.Build.0 = Debug|Win32
		{C51CCBAC-C385-486D-BB4A-E74201D5AA43}.Release|Any CPU.ActiveCfg = Release|Win32
		{C51CCBAC-C385-486D-BB4A-E74201D5AA43}.Release|x64.ActiveCfg = Release|x64
		{C51CCBAC-C385-486D-BB4A-E74201D5AA43}.Release|x64.Build.0 = Release|x64
		{C51CCBAC-C385-486D-BB4A-E74201D5AA43}.Release|x86.ActiveCfg = Release|Win32
		{C51CCBAC-C385-486D-BB4A-E74201D5AA43}.Release|x86.Build.0 = Release|Win32
		{A61928F7-7019-4055-AA97-C974C1D7F712}.Debug|Any CPU.ActiveCfg = Debug|x64
		{A61928F7-7019-4055-AA97-C974C1D7F712}.Debug|Any CPU.Build.0 = Debug|x64
		{A61928F7-7019-4055-AA97-C974C1D7F712}.Debug|x64.ActiveCfg = Debug|x64
		{A61928F7-7019-4055-AA97-C974C1D7F712}.Debug|x64.Build.0 = Debug|x64
		{A61928F7-7019-4055-AA97-C974C1D7F712}.Debug|x86.ActiveCfg = Debug|Any CPU
		{A61928F7-7019-4055-AA97-C974C1D7F712}.Debug|x86.Build.0 = Debug|Any CPU
		{A61928F7-7019-4055-AA97-C974C1D7F712}.Release|Any CPU.ActiveCfg = Release|Any CPU
		{A61928F7-7019-4055-AA97-C974C1D7F712}.Release|Any CPU.Build.0 = Release|Any CPU
		{A61928F7-7019-4055-AA97-C974C1D7F712}.Release|x64.ActiveCfg = Release|x64
		{A61928F7-7019-4055-AA97-C974C1D7F712}.Release|x64.Build.0 = Release|x64
		{A61928F7-7019-4055-AA97-C974C1D7F712}.Release|x86.ActiveCfg = Release|Any CPU
		{A61928F7-7019-4055-AA97-C974C1D7F712}.Release|x86.Build.0 = Release|Any CPU
	EndGlobalSection
	GlobalSection(SolutionProperties) = preSolution
		HideSolutionNode = FALSE
	EndGlobalSection
	GlobalSection(ExtensibilityGlobals) = postSolution
		SolutionGuid = {79F5BE0A-4605-45AA-AD5C-B980E8A35922}
	EndGlobalSection
EndGlobal
